
Microsoft Visual Studio Solution File, Format Version 12.00
# Visual Studio 15
VisualStudioVersion = 15.0.28307.168
MinimumVisualStudioVersion = 10.0.40219.1
Project("{FAE04EC0-301F-11D3-BF4B-00C04F79EFBC}") = "SchTech.Core", "SchTech.Core\SchTech.Core.csproj", "{45D7D10A-D8B6-4381-995B-44F8E2E3D500}"
EndProject
Project("{FAE04EC0-301F-11D3-BF4B-00C04F79EFBC}") = "SchTech.Business.Manager", "SchTech.Business.Manager\SchTech.Business.Manager.csproj", "{0868AA0F-32F8-43C2-AF12-5348D854100B}"
EndProject
Project("{FAE04EC0-301F-11D3-BF4B-00C04F79EFBC}") = "SchTech.Configuration.Manager", "SchTech.Configuration.Manager\SchTech.Configuration.Manager.csproj", "{326210A7-92B9-43DC-A87D-6E6ACEB164FE}"
EndProject
Project("{FAE04EC0-301F-11D3-BF4B-00C04F79EFBC}") = "SchTech.Entities", "SchTech.Entities\SchTech.Entities.csproj", "{FBEC6C57-4653-415B-86C0-31545F92E285}"
EndProject
Project("{FAE04EC0-301F-11D3-BF4B-00C04F79EFBC}") = "SchTech.File.Manager", "SchTech.File.Manager\SchTech.File.Manager.csproj", "{F39AE7F9-3F7D-4942-BB7E-F6DB58255042}"
EndProject
Project("{FAE04EC0-301F-11D3-BF4B-00C04F79EFBC}") = "SchTech.Web.Manager", "SchTech.Web.Manager\SchTech.Web.Manager.csproj", "{53CB7D04-F7BE-4280-B431-C41298B89299}"
EndProject
Project("{FAE04EC0-301F-11D3-BF4B-00C04F79EFBC}") = "SchTech.Api.Manager", "SchTech.Api.Manager\SchTech.Api.Manager.csproj", "{6A566258-03D3-4030-B238-9E9112840837}"
EndProject
Project("{FAE04EC0-301F-11D3-BF4B-00C04F79EFBC}") = "SchTech.DataAccess", "SchTech.DataAccess\SchTech.DataAccess.csproj", "{E41294F8-869A-48BF-B95C-BDF3216E8E07}"
EndProject
Project("{FAE04EC0-301F-11D3-BF4B-00C04F79EFBC}") = "SchTech.Queue.Manager", "SchTech.Queue.Manager\SchTech.Queue.Manager.csproj", "{B486D741-AE9E-4745-B6A1-09365FEB22AB}"
EndProject
Project("{FAE04EC0-301F-11D3-BF4B-00C04F79EFBC}") = "ADIWFE_TestClient", "ADIWFE_TestClient\ADIWFE_TestClient.csproj", "{C294BC2C-E1F7-4DF1-B164-DE5F90F1CE0A}"
EndProject
Project("{FAE04EC0-301F-11D3-BF4B-00C04F79EFBC}") = "ADIWFE_TestLegacyGo", "ADIWFE_TestLegacyGo\ADIWFE_TestLegacyGo.csproj", "{370D0E88-3861-47EB-8F3D-BD56B263E723}"
EndProject
Project("{2150E333-8FDC-42A3-9474-1A3956D46DE8}") = "Solution Items", "Solution Items", "{B1FD3F40-F015-48A3-93A5-D4F5BFB0A361}"
EndProject
Project("{FAE04EC0-301F-11D3-BF4B-00C04F79EFBC}") = "VirginMediaWorkflowDirector", "VirginMediaWorkflowDirector\VirginMediaWorkflowDirector.csproj", "{7712C303-C6BE-4167-A2C3-8F4D8CC3EA65}"
EndProject
Project("{FAE04EC0-301F-11D3-BF4B-00C04F79EFBC}") = "LegacyGoWorkflowDirector", "LegacyGoWorkflowDirector\LegacyGoWorkflowDirector.csproj", "{CFCE7286-3697-4F87-8673-F25E71D9B06A}"
EndProject
Global
	GlobalSection(SolutionConfigurationPlatforms) = preSolution
		Debug|Any CPU = Debug|Any CPU
		Debug|x64 = Debug|x64
		Release|Any CPU = Release|Any CPU
		Release|x64 = Release|x64
	EndGlobalSection
	GlobalSection(ProjectConfigurationPlatforms) = postSolution
		{45D7D10A-D8B6-4381-995B-44F8E2E3D500}.Debug|Any CPU.ActiveCfg = Debug|Any CPU
		{45D7D10A-D8B6-4381-995B-44F8E2E3D500}.Debug|Any CPU.Build.0 = Debug|Any CPU
		{45D7D10A-D8B6-4381-995B-44F8E2E3D500}.Debug|x64.ActiveCfg = Debug|x64
		{45D7D10A-D8B6-4381-995B-44F8E2E3D500}.Debug|x64.Build.0 = Debug|x64
		{45D7D10A-D8B6-4381-995B-44F8E2E3D500}.Release|Any CPU.ActiveCfg = Release|Any CPU
		{45D7D10A-D8B6-4381-995B-44F8E2E3D500}.Release|Any CPU.Build.0 = Release|Any CPU
		{45D7D10A-D8B6-4381-995B-44F8E2E3D500}.Release|x64.ActiveCfg = Release|x64
		{45D7D10A-D8B6-4381-995B-44F8E2E3D500}.Release|x64.Build.0 = Release|x64
		{0868AA0F-32F8-43C2-AF12-5348D854100B}.Debug|Any CPU.ActiveCfg = Debug|Any CPU
		{0868AA0F-32F8-43C2-AF12-5348D854100B}.Debug|Any CPU.Build.0 = Debug|Any CPU
		{0868AA0F-32F8-43C2-AF12-5348D854100B}.Debug|x64.ActiveCfg = Debug|x64
		{0868AA0F-32F8-43C2-AF12-5348D854100B}.Debug|x64.Build.0 = Debug|x64
		{0868AA0F-32F8-43C2-AF12-5348D854100B}.Release|Any CPU.ActiveCfg = Release|Any CPU
		{0868AA0F-32F8-43C2-AF12-5348D854100B}.Release|Any CPU.Build.0 = Release|Any CPU
		{0868AA0F-32F8-43C2-AF12-5348D854100B}.Release|x64.ActiveCfg = Release|x64
		{0868AA0F-32F8-43C2-AF12-5348D854100B}.Release|x64.Build.0 = Release|x64
		{326210A7-92B9-43DC-A87D-6E6ACEB164FE}.Debug|Any CPU.ActiveCfg = Debug|Any CPU
		{326210A7-92B9-43DC-A87D-6E6ACEB164FE}.Debug|Any CPU.Build.0 = Debug|Any CPU
		{326210A7-92B9-43DC-A87D-6E6ACEB164FE}.Debug|x64.ActiveCfg = Debug|x64
		{326210A7-92B9-43DC-A87D-6E6ACEB164FE}.Debug|x64.Build.0 = Debug|x64
		{326210A7-92B9-43DC-A87D-6E6ACEB164FE}.Release|Any CPU.ActiveCfg = Release|Any CPU
		{326210A7-92B9-43DC-A87D-6E6ACEB164FE}.Release|Any CPU.Build.0 = Release|Any CPU
		{326210A7-92B9-43DC-A87D-6E6ACEB164FE}.Release|x64.ActiveCfg = Release|x64
		{326210A7-92B9-43DC-A87D-6E6ACEB164FE}.Release|x64.Build.0 = Release|x64
		{FBEC6C57-4653-415B-86C0-31545F92E285}.Debug|Any CPU.ActiveCfg = Debug|Any CPU
		{FBEC6C57-4653-415B-86C0-31545F92E285}.Debug|Any CPU.Build.0 = Debug|Any CPU
		{FBEC6C57-4653-415B-86C0-31545F92E285}.Debug|x64.ActiveCfg = Debug|x64
		{FBEC6C57-4653-415B-86C0-31545F92E285}.Debug|x64.Build.0 = Debug|x64
		{FBEC6C57-4653-415B-86C0-31545F92E285}.Release|Any CPU.ActiveCfg = Release|Any CPU
		{FBEC6C57-4653-415B-86C0-31545F92E285}.Release|Any CPU.Build.0 = Release|Any CPU
		{FBEC6C57-4653-415B-86C0-31545F92E285}.Release|x64.ActiveCfg = Release|x64
		{FBEC6C57-4653-415B-86C0-31545F92E285}.Release|x64.Build.0 = Release|x64
		{F39AE7F9-3F7D-4942-BB7E-F6DB58255042}.Debug|Any CPU.ActiveCfg = Debug|Any CPU
		{F39AE7F9-3F7D-4942-BB7E-F6DB58255042}.Debug|Any CPU.Build.0 = Debug|Any CPU
		{F39AE7F9-3F7D-4942-BB7E-F6DB58255042}.Debug|x64.ActiveCfg = Debug|x64
		{F39AE7F9-3F7D-4942-BB7E-F6DB58255042}.Debug|x64.Build.0 = Debug|x64
		{F39AE7F9-3F7D-4942-BB7E-F6DB58255042}.Release|Any CPU.ActiveCfg = Release|Any CPU
		{F39AE7F9-3F7D-4942-BB7E-F6DB58255042}.Release|Any CPU.Build.0 = Release|Any CPU
		{F39AE7F9-3F7D-4942-BB7E-F6DB58255042}.Release|x64.ActiveCfg = Release|x64
		{F39AE7F9-3F7D-4942-BB7E-F6DB58255042}.Release|x64.Build.0 = Release|x64
		{53CB7D04-F7BE-4280-B431-C41298B89299}.Debug|Any CPU.ActiveCfg = Debug|Any CPU
		{53CB7D04-F7BE-4280-B431-C41298B89299}.Debug|Any CPU.Build.0 = Debug|Any CPU
		{53CB7D04-F7BE-4280-B431-C41298B89299}.Debug|x64.ActiveCfg = Debug|x64
		{53CB7D04-F7BE-4280-B431-C41298B89299}.Debug|x64.Build.0 = Debug|x64
		{53CB7D04-F7BE-4280-B431-C41298B89299}.Release|Any CPU.ActiveCfg = Release|Any CPU
		{53CB7D04-F7BE-4280-B431-C41298B89299}.Release|Any CPU.Build.0 = Release|Any CPU
		{53CB7D04-F7BE-4280-B431-C41298B89299}.Release|x64.ActiveCfg = Release|x64
		{53CB7D04-F7BE-4280-B431-C41298B89299}.Release|x64.Build.0 = Release|x64
		{6A566258-03D3-4030-B238-9E9112840837}.Debug|Any CPU.ActiveCfg = Debug|Any CPU
		{6A566258-03D3-4030-B238-9E9112840837}.Debug|Any CPU.Build.0 = Debug|Any CPU
		{6A566258-03D3-4030-B238-9E9112840837}.Debug|x64.ActiveCfg = Debug|x64
		{6A566258-03D3-4030-B238-9E9112840837}.Debug|x64.Build.0 = Debug|x64
		{6A566258-03D3-4030-B238-9E9112840837}.Release|Any CPU.ActiveCfg = Release|Any CPU
		{6A566258-03D3-4030-B238-9E9112840837}.Release|Any CPU.Build.0 = Release|Any CPU
		{6A566258-03D3-4030-B238-9E9112840837}.Release|x64.ActiveCfg = Release|x64
		{6A566258-03D3-4030-B238-9E9112840837}.Release|x64.Build.0 = Release|x64
		{E41294F8-869A-48BF-B95C-BDF3216E8E07}.Debug|Any CPU.ActiveCfg = Debug|Any CPU
		{E41294F8-869A-48BF-B95C-BDF3216E8E07}.Debug|Any CPU.Build.0 = Debug|Any CPU
		{E41294F8-869A-48BF-B95C-BDF3216E8E07}.Debug|x64.ActiveCfg = Debug|x64
		{E41294F8-869A-48BF-B95C-BDF3216E8E07}.Debug|x64.Build.0 = Debug|x64
		{E41294F8-869A-48BF-B95C-BDF3216E8E07}.Release|Any CPU.ActiveCfg = Release|Any CPU
		{E41294F8-869A-48BF-B95C-BDF3216E8E07}.Release|Any CPU.Build.0 = Release|Any CPU
		{E41294F8-869A-48BF-B95C-BDF3216E8E07}.Release|x64.ActiveCfg = Release|x64
		{E41294F8-869A-48BF-B95C-BDF3216E8E07}.Release|x64.Build.0 = Release|x64
		{B486D741-AE9E-4745-B6A1-09365FEB22AB}.Debug|Any CPU.ActiveCfg = Debug|Any CPU
		{B486D741-AE9E-4745-B6A1-09365FEB22AB}.Debug|Any CPU.Build.0 = Debug|Any CPU
		{B486D741-AE9E-4745-B6A1-09365FEB22AB}.Debug|x64.ActiveCfg = Debug|x64
		{B486D741-AE9E-4745-B6A1-09365FEB22AB}.Debug|x64.Build.0 = Debug|x64
		{B486D741-AE9E-4745-B6A1-09365FEB22AB}.Release|Any CPU.ActiveCfg = Release|Any CPU
		{B486D741-AE9E-4745-B6A1-09365FEB22AB}.Release|Any CPU.Build.0 = Release|Any CPU
		{B486D741-AE9E-4745-B6A1-09365FEB22AB}.Release|x64.ActiveCfg = Release|x64
		{B486D741-AE9E-4745-B6A1-09365FEB22AB}.Release|x64.Build.0 = Release|x64
		{C294BC2C-E1F7-4DF1-B164-DE5F90F1CE0A}.Debug|Any CPU.ActiveCfg = Debug|Any CPU
		{C294BC2C-E1F7-4DF1-B164-DE5F90F1CE0A}.Debug|Any CPU.Build.0 = Debug|Any CPU
		{C294BC2C-E1F7-4DF1-B164-DE5F90F1CE0A}.Debug|x64.ActiveCfg = Debug|x64
		{C294BC2C-E1F7-4DF1-B164-DE5F90F1CE0A}.Debug|x64.Build.0 = Debug|x64
		{C294BC2C-E1F7-4DF1-B164-DE5F90F1CE0A}.Release|Any CPU.ActiveCfg = Release|Any CPU
		{C294BC2C-E1F7-4DF1-B164-DE5F90F1CE0A}.Release|Any CPU.Build.0 = Release|Any CPU
		{C294BC2C-E1F7-4DF1-B164-DE5F90F1CE0A}.Release|x64.ActiveCfg = Release|x64
		{C294BC2C-E1F7-4DF1-B164-DE5F90F1CE0A}.Release|x64.Build.0 = Release|x64
		{370D0E88-3861-47EB-8F3D-BD56B263E723}.Debug|Any CPU.ActiveCfg = Debug|Any CPU
		{370D0E88-3861-47EB-8F3D-BD56B263E723}.Debug|Any CPU.Build.0 = Debug|Any CPU
		{370D0E88-3861-47EB-8F3D-BD56B263E723}.Debug|x64.ActiveCfg = Debug|x64
		{370D0E88-3861-47EB-8F3D-BD56B263E723}.Debug|x64.Build.0 = Debug|x64
		{370D0E88-3861-47EB-8F3D-BD56B263E723}.Release|Any CPU.ActiveCfg = Release|Any CPU
		{370D0E88-3861-47EB-8F3D-BD56B263E723}.Release|Any CPU.Build.0 = Release|Any CPU
		{370D0E88-3861-47EB-8F3D-BD56B263E723}.Release|x64.ActiveCfg = Release|x64
		{370D0E88-3861-47EB-8F3D-BD56B263E723}.Release|x64.Build.0 = Release|x64
		{7712C303-C6BE-4167-A2C3-8F4D8CC3EA65}.Debug|Any CPU.ActiveCfg = Debug|Any CPU
		{7712C303-C6BE-4167-A2C3-8F4D8CC3EA65}.Debug|Any CPU.Build.0 = Debug|Any CPU
		{7712C303-C6BE-4167-A2C3-8F4D8CC3EA65}.Debug|x64.ActiveCfg = Release|x64
		{7712C303-C6BE-4167-A2C3-8F4D8CC3EA65}.Debug|x64.Build.0 = Release|x64
		{7712C303-C6BE-4167-A2C3-8F4D8CC3EA65}.Release|Any CPU.ActiveCfg = Release|Any CPU
		{7712C303-C6BE-4167-A2C3-8F4D8CC3EA65}.Release|Any CPU.Build.0 = Release|Any CPU
		{7712C303-C6BE-4167-A2C3-8F4D8CC3EA65}.Release|x64.ActiveCfg = Release|Any CPU
		{7712C303-C6BE-4167-A2C3-8F4D8CC3EA65}.Release|x64.Build.0 = Release|Any CPU
		{CFCE7286-3697-4F87-8673-F25E71D9B06A}.Debug|Any CPU.ActiveCfg = Debug|Any CPU
		{CFCE7286-3697-4F87-8673-F25E71D9B06A}.Debug|Any CPU.Build.0 = Debug|Any CPU
		{CFCE7286-3697-4F87-8673-F25E71D9B06A}.Debug|x64.ActiveCfg = Debug|x64
		{CFCE7286-3697-4F87-8673-F25E71D9B06A}.Debug|x64.Build.0 = Debug|x64
		{CFCE7286-3697-4F87-8673-F25E71D9B06A}.Release|Any CPU.ActiveCfg = Release|Any CPU
		{CFCE7286-3697-4F87-8673-F25E71D9B06A}.Release|Any CPU.Build.0 = Release|Any CPU
		{CFCE7286-3697-4F87-8673-F25E71D9B06A}.Release|x64.ActiveCfg = Release|Any CPU
		{CFCE7286-3697-4F87-8673-F25E71D9B06A}.Release|x64.Build.0 = Release|Any CPU
	EndGlobalSection
	GlobalSection(SolutionProperties) = preSolution
		HideSolutionNode = FALSE
	EndGlobalSection
	GlobalSection(ExtensibilityGlobals) = postSolution
		SolutionGuid = {D2EF7694-8412-43C4-B357-6536ED1B8A66}
	EndGlobalSection
EndGlobal
